{
  "name": "commitment-issues-yarn-berry-lifecycle-cli",
  "version": "0.0.0",
  "lockfileVersion": 3,
  "requires": true,
  "packages": {
    "": {
      "name": "commitment-issues-yarn-berry-lifecycle-cli",
      "version": "0.0.0",
      "dependencies": {
        "@yarnpkg/cli-dist": "4.17.0"
      }
    },
    "node_modules/@yarnpkg/cli-dist": {
      "version": "4.17.0",
      "resolved": "https://registry.npmjs.org/@yarnpkg/cli-dist/-/cli-dist-4.17.0.tgz",
      "integrity": "sha512-quDpJzauzaCeutv4S7MObzjKcExJU0iKPzwl2LN66AP2MSVC/yTDuwnTyR3NwaA6euvSMBhk8MzX2GBDvVXxsA==",
      "license": "BSD-2-Clause",
      "bin": {
        "yarn": "bin/yarn.js",
        "yarnpkg": "bin/yarn.js"
      },
      "engines": {
        "node": ">=18.12.0"
      }
    }
  }
}
